{
  "originHash" : "049b3a57f3b23e12107b8cd1cdc3bf793e760b4bdb2784b4bdcba7d469f663c1",
  "pins" : [
    {
      "identity" : "fhirmodels",
      "kind" : "remoteSourceControl",
      "location" : "https://github.com/apple/FHIRModels.git",
      "state" : {
        "revision" : "ee8b55c245e92389e05b0a56ad2b84d37c1985e5",
        "version" : "0.6.1"
      }
    }
  ],
  "version" : 3
}
